// !$*UTF8*$!
{
	archiveVersion = 1;
	classes = {
	};
	objectVersion = 46;
	objects = {

/* Begin PBXBuildFile section */
		04223E5A1AA6E627006B13C0 /* AppDelegate.swift in Sources */ = {isa = PBXBuildFile; fileRef = 04223E591AA6E627006B13C0 /* AppDelegate.swift */; };
		04223E5C1AA6E627006B13C0 /* ViewController.swift in Sources */ = {isa = PBXBuildFile; fileRef = 04223E5B1AA6E627006B13C0 /* ViewController.swift */; };
		04223E5F1AA6E627006B13C0 /* Main.storyboard in Resources */ = {isa = PBXBuildFile; fileRef = 04223E5D1AA6E627006B13C0 /* Main.storyboard */; };
		04223E611AA6E627006B13C0 /* Images.xcassets in Resources */ = {isa = PBXBuildFile; fileRef = 04223E601AA6E627006B13C0 /* Images.xcassets */; };
		04223E641AA6E627006B13C0 /* LaunchScreen.xib in Resources */ = {isa = PBXBuildFile; fileRef = 04223E621AA6E627006B13C0 /* LaunchScreen.xib */; };
		04223E701AA6E627006B13C0 /* Set_TextField_HeightTests.swift in Sources */ = {isa = PBXBuildFile; fileRef = 04223E6F1AA6E627006B13C0 /* Set_TextField_HeightTests.swift */; };
		04223E7F1AA6E64B006B13C0 /* custom_font.png in Resources */ = {isa = PBXBuildFile; fileRef = 04223E7A1AA6E64B006B13C0 /* custom_font.png */; };
		04223E801AA6E64B006B13C0 /* mail_check_o.PNG in Resources */ = {isa = PBXBuildFile; fileRef = 04223E7B1AA6E64B006B13C0 /* mail_check_o.PNG */; };
		04223E811AA6E64B006B13C0 /* mail_check_x.PNG in Resources */ = {isa = PBXBuildFile; fileRef = 04223E7C1AA6E64B006B13C0 /* mail_check_x.PNG */; };
		04223E821AA6E64B006B13C0 /* main.gif in Resources */ = {isa = PBXBuildFile; fileRef = 04223E7D1AA6E64B006B13C0 /* main.gif */; };
		04223E831AA6E64B006B13C0 /* sketch.png in Resources */ = {isa = PBXBuildFile; fileRef = 04223E7E1AA6E64B006B13C0 /* sketch.png */; };
		04223E851AA6E6A5006B13C0 /* smith-font.ttf in Resources */ = {isa = PBXBuildFile; fileRef = 04223E841AA6E6A5006B13C0 /* smith-font.ttf */; };
		04223E871AA6E6DD006B13C0 /* UIColor+ApplicationSpecific.swift in Sources */ = {isa = PBXBuildFile; fileRef = 04223E861AA6E6DD006B13C0 /* UIColor+ApplicationSpecific.swift */; };
/* End PBXBuildFile section */

/* Begin PBXContainerItemProxy section */
		04223E6A1AA6E627006B13C0 /* PBXContainerItemProxy */ = {
			isa = PBXContainerItemProxy;
			containerPortal = 04223E4C1AA6E627006B13C0 /* Project object */;
			proxyType = 1;
			remoteGlobalIDString = 04223E531AA6E627006B13C0;
			remoteInfo = "Set-TextField-Height";
		};
/* End PBXContainerItemProxy section */

/* Begin PBXFileReference section */
		04223E541AA6E627006B13C0 /* Set-TextField-Height.app */ = {isa = PBXFileReference; explicitFileType = wrapper.application; includeInIndex = 0; path = "Set-TextField-Height.app"; sourceTree = BUILT_PRODUCTS_DIR; };
		04223E581AA6E627006B13C0 /* Info.plist */ = {isa = PBXFileReference; lastKnownFileType = text.plist.xml; path = Info.plist; sourceTree = "<group>"; };
		04223E591AA6E627006B13C0 /* AppDelegate.swift */ = {isa = PBXFileReference; lastKnownFileType = sourcecode.swift; path = AppDelegate.swift; sourceTree = "<group>"; };
		04223E5B1AA6E627006B13C0 /* ViewController.swift */ = {isa = PBXFileReference; lastKnownFileType = sourcecode.swift; path = ViewController.swift; sourceTree = "<group>"; };
		04223E5E1AA6E627006B13C0 /* Base */ = {isa = PBXFileReference; lastKnownFileType = file.storyboard; name = Base; path = Base.lproj/Main.storyboard; sourceTree = "<group>"; };
		04223E601AA6E627006B13C0 /* Images.xcassets */ = {isa = PBXFileReference; lastKnownFileType = folder.assetcatalog; path = Images.xcassets; sourceTree = "<group>"; };
		04223E631AA6E627006B13C0 /* Base */ = {isa = PBXFileReference; lastKnownFileType = file.xib; name = Base; path = Base.lproj/LaunchScreen.xib; sourceTree = "<group>"; };
		04223E691AA6E627006B13C0 /* Set-TextField-HeightTests.xctest */ = {isa = PBXFileReference; explicitFileType = wrapper.cfbundle; includeInIndex = 0; path = "Set-TextField-HeightTests.xctest"; sourceTree = BUILT_PRODUCTS_DIR; };
		04223E6E1AA6E627006B13C0 /* Info.plist */ = {isa = PBXFileReference; lastKnownFileType = text.plist.xml; path = Info.plist; sourceTree = "<group>"; };
		04223E6F1AA6E627006B13C0 /* Set_TextField_HeightTests.swift */ = {isa = PBXFileReference; lastKnownFileType = sourcecode.swift; path = Set_TextField_HeightTests.swift; sourceTree = "<group>"; };
		04223E7A1AA6E64B006B13C0 /* custom_font.png */ = {isa = PBXFileReference; lastKnownFileType = image.png; path = custom_font.png; sourceTree = "<group>"; };
		04223E7B1AA6E64B006B13C0 /* mail_check_o.PNG */ = {isa = PBXFileReference; lastKnownFileType = image.png; path = mail_check_o.PNG; sourceTree = "<group>"; };
		04223E7C1AA6E64B006B13C0 /* mail_check_x.PNG */ = {isa = PBXFileReference; lastKnownFileType = image.png; path = mail_check_x.PNG; sourceTree = "<group>"; };
		04223E7D1AA6E64B006B13C0 /* main.gif */ = {isa = PBXFileReference; lastKnownFileType = image.gif; path = main.gif; sourceTree = "<group>"; };
		04223E7E1AA6E64B006B13C0 /* sketch.png */ = {isa = PBXFileReference; lastKnownFileType = image.png; path = sketch.png; sourceTree = "<group>"; };
		04223E841AA6E6A5006B13C0 /* smith-font.ttf */ = {isa = PBXFileReference; lastKnownFileType = file; path = "smith-font.ttf"; sourceTree = "<group>"; };
		04223E861AA6E6DD006B13C0 /* UIColor+ApplicationSpecific.swift */ = {isa = PBXFileReference; fileEncoding = 4; lastKnownFileType = sourcecode.swift; path = "UIColor+ApplicationSpecific.swift"; sourceTree = "<group>"; };
/* End PBXFileReference section */

/* Begin PBXFrameworksBuildPhase section */
		04223E511AA6E627006B13C0 /* Frameworks */ = {
			isa = PBXFrameworksBuildPhase;
			buildActionMask = 2147483647;
			files = (
			);
			runOnlyForDeploymentPostprocessing = 0;
		};
		04223E661AA6E627006B13C0 /* Frameworks */ = {
			isa = PBXFrameworksBuildPhase;
			buildActionMask = 2147483647;
			files = (
			);
			runOnlyForDeploymentPostprocessing = 0;
		};
/* End PBXFrameworksBuildPhase section */

/* Begin PBXGroup section */
		04223E4B1AA6E627006B13C0 = {
			isa = PBXGroup;
			children = (
				04223E561AA6E627006B13C0 /* Set-TextField-Height */,
				04223E6C1AA6E627006B13C0 /* Set-TextField-HeightTests */,
				04223E551AA6E627006B13C0 /* Products */,
				04223E791AA6E64B006B13C0 /* screenshots */,
			);
			sourceTree = "<group>";
		};
		04223E551AA6E627006B13C0 /* Products */ = {
			isa = PBXGroup;
			children = (
				04223E541AA6E627006B13C0 /* Set-TextField-Height.app */,
				04223E691AA6E627006B13C0 /* Set-TextField-HeightTests.xctest */,
			);
			name = Products;
			sourceTree = "<group>";
		};
		04223E561AA6E627006B13C0 /* Set-TextField-Height */ = {
			isa = PBXGroup;
			children = (
				04223E591AA6E627006B13C0 /* AppDelegate.swift */,
				04223E5B1AA6E627006B13C0 /* ViewController.swift */,
				04223E861AA6E6DD006B13C0 /* UIColor+ApplicationSpecific.swift */,
				04223E5D1AA6E627006B13C0 /* Main.storyboard */,
				04223E601AA6E627006B13C0 /* Images.xcassets */,
				04223E621AA6E627006B13C0 /* LaunchScreen.xib */,
				04223E571AA6E627006B13C0 /* Supporting Files */,
			);
			path = "Set-TextField-Height";
			sourceTree = "<group>";
		};
		04223E571AA6E627006B13C0 /* Supporting Files */ = {
			isa = PBXGroup;
			children = (
				04223E841AA6E6A5006B13C0 /* smith-font.ttf */,
				04223E581AA6E627006B13C0 /* Info.plist */,
			);
			name = "Supporting Files";
			sourceTree = "<group>";
		};
		04223E6C1AA6E627006B13C0 /* Set-TextField-HeightTests */ = {
			isa = PBXGroup;
			children = (
				04223E6F1AA6E627006B13C0 /* Set_TextField_HeightTests.swift */,
				04223E6D1AA6E627006B13C0 /* Supporting Files */,
			);
			path = "Set-TextField-HeightTests";
			sourceTree = "<group>";
		};
		04223E6D1AA6E627006B13C0 /* Supporting Files */ = {
			isa = PBXGroup;
			children = (
				04223E6E1AA6E627006B13C0 /* Info.plist */,
			);
			name = "Supporting Files";
			sourceTree = "<group>";
		};
		04223E791AA6E64B006B13C0 /* screenshots */ = {
			isa = PBXGroup;
			children = (
				04223E7A1AA6E64B006B13C0 /* custom_font.png */,
				04223E7B1AA6E64B006B13C0 /* mail_check_o.PNG */,
				04223E7C1AA6E64B006B13C0 /* mail_check_x.PNG */,
				04223E7D1AA6E64B006B13C0 /* main.gif */,
				04223E7E1AA6E64B006B13C0 /* sketch.png */,
			);
			path = screenshots;
			sourceTree = "<group>";
		};
/* End PBXGroup section */

/* Begin PBXNativeTarget section */
		04223E531AA6E627006B13C0 /* Set-TextField-Height */ = {
			isa = PBXNativeTarget;
			buildConfigurationList = 04223E731AA6E627006B13C0 /* Build configuration list for PBXNativeTarget "Set-TextField-Height" */;
			buildPhases = (
				04223E501AA6E627006B13C0 /* Sources */,
				04223E511AA6E627006B13C0 /* Frameworks */,
				04223E521AA6E627006B13C0 /* Resources */,
			);
			buildRules = (
			);
			dependencies = (
			);
			name = "Set-TextField-Height";
			productName = "Set-TextField-Height";
			productReference = 04223E541AA6E627006B13C0 /* Set-TextField-Height.app */;
			productType = "com.apple.product-type.application";
		};
		04223E681AA6E627006B13C0 /* Set-TextField-HeightTests */ = {
			isa = PBXNativeTarget;
			buildConfigurationList = 04223E761AA6E627006B13C0 /* Build configuration list for PBXNativeTarget "Set-TextField-HeightTests" */;
			buildPhases = (
				04223E651AA6E627006B13C0 /* Sources */,
				04223E661AA6E627006B13C0 /* Frameworks */,
				04223E671AA6E627006B13C0 /* Resources */,
			);
			buildRules = (
			);
			dependencies = (
				04223E6B1AA6E627006B13C0 /* PBXTargetDependency */,
			);
			name = "Set-TextField-HeightTests";
			productName = "Set-TextField-HeightTests";
			productReference = 04223E691AA6E627006B13C0 /* Set-TextField-HeightTests.xctest */;
			productType = "com.apple.product-type.bundle.unit-test";
		};
/* End PBXNativeTarget section */

/* Begin PBXProject section */
		04223E4C1AA6E627006B13C0 /* Project object */ = {
			isa = PBXProject;
			attributes = {
				LastUpgradeCheck = 0620;
				ORGANIZATIONNAME = "Smith-Lab";
				TargetAttributes = {
					04223E531AA6E627006B13C0 = {
						CreatedOnToolsVersion = 6.2;
					};
					04223E681AA6E627006B13C0 = {
						CreatedOnToolsVersion = 6.2;
						TestTargetID = 04223E531AA6E627006B13C0;
					};
				};
			};
			buildConfigurationList = 04223E4F1AA6E627006B13C0 /* Build configuration list for PBXProject "Set-TextField-Height" */;
			compatibilityVersion = "Xcode 3.2";
			developmentRegion = English;
			hasScannedForEncodings = 0;
			knownRegions = (
				en,
				Base,
			);
			mainGroup = 04223E4B1AA6E627006B13C0;
			productRefGroup = 04223E551AA6E627006B13C0 /* Products */;
			projectDirPath = "";
			projectRoot = "";
			targets = (
				04223E531AA6E627006B13C0 /* Set-TextField-Height */,
				04223E681AA6E627006B13C0 /* Set-TextField-HeightTests */,
			);
		};
/* End PBXProject section */

/* Begin PBXResourcesBuildPhase section */
		04223E521AA6E627006B13C0 /* Resources */ = {
			isa = PBXResourcesBuildPhase;
			buildActionMask = 2147483647;
			files = (
				04223E5F1AA6E627006B13C0 /* Main.storyboard in Resources */,
				04223E641AA6E627006B13C0 /* LaunchScreen.xib in Resources */,
				04223E851AA6E6A5006B13C0 /* smith-font.ttf in Resources */,
				04223E801AA6E64B006B13C0 /* mail_check_o.PNG in Resources */,
				04223E611AA6E627006B13C0 /* Images.xcassets in Resources */,
				04223E811AA6E64B006B13C0 /* mail_check_x.PNG in Resources */,
				04223E7F1AA6E64B006B13C0 /* custom_font.png in Resources */,
				04223E821AA6E64B006B13C0 /* main.gif in Resources */,
				04223E831AA6E64B006B13C0 /* sketch.png in Resources */,
			);
			runOnlyForDeploymentPostprocessing = 0;
		};
		04223E671AA6E627006B13C0 /* Resources */ = {
			isa = PBXResourcesBuildPhase;
			buildActionMask = 2147483647;
			files = (
			);
			runOnlyForDeploymentPostprocessing = 0;
		};
/* End PBXResourcesBuildPhase section */

/* Begin PBXSourcesBuildPhase section */
		04223E501AA6E627006B13C0 /* Sources */ = {
			isa = PBXSourcesBuildPhase;
			buildActionMask = 2147483647;
			files = (
				04223E5C1AA6E627006B13C0 /* ViewController.swift in Sources */,
				04223E5A1AA6E627006B13C0 /* AppDelegate.swift in Sources */,
				04223E871AA6E6DD006B13C0 /* UIColor+ApplicationSpecific.swift in Sources */,
			);
			runOnlyForDeploymentPostprocessing = 0;
		};
		04223E651AA6E627006B13C0 /* Sources */ = {
			isa = PBXSourcesBuildPhase;
			buildActionMask = 2147483647;
			files = (
				04223E701AA6E627006B13C0 /* Set_TextField_HeightTests.swift in Sources */,
			);
			runOnlyForDeploymentPostprocessing = 0;
		};
/* End PBXSourcesBuildPhase section */

/* Begin PBXTargetDependency section */
		04223E6B1AA6E627006B13C0 /* PBXTargetDependency */ = {
			isa = PBXTargetDependency;
			target = 04223E531AA6E627006B13C0 /* Set-TextField-Height */;
			targetProxy = 04223E6A1AA6E627006B13C0 /* PBXContainerItemProxy */;
		};
/* End PBXTargetDependency section */

/* Begin PBXVariantGroup section */
		04223E5D1AA6E627006B13C0 /* Main.storyboard */ = {
			isa = PBXVariantGroup;
			children = (
				04223E5E1AA6E627006B13C0 /* Base */,
			);
			name = Main.storyboard;
			sourceTree = "<group>";
		};
		04223E621AA6E627006B13C0 /* LaunchScreen.xib */ = {
			isa = PBXVariantGroup;
			children = (
				04223E631AA6E627006B13C0 /* Base */,
			);
			name = LaunchScreen.xib;
			sourceTree = "<group>";
		};
/* End PBXVariantGroup section */

/* Begin XCBuildConfiguration section */
		04223E711AA6E627006B13C0 /* Debug */ = {
			isa = XCBuildConfiguration;
			buildSettings = {
				ALWAYS_SEARCH_USER_PATHS = NO;
				CLANG_CXX_LANGUAGE_STANDARD = "gnu++0x";
				CLANG_CXX_LIBRARY = "libc++";
				CLANG_ENABLE_MODULES = YES;
				CLANG_ENABLE_OBJC_ARC = YES;
				CLANG_WARN_BOOL_CONVERSION = YES;
				CLANG_WARN_CONSTANT_CONVERSION = YES;
				CLANG_WARN_DIRECT_OBJC_ISA_USAGE = YES_ERROR;
				CLANG_WARN_EMPTY_BODY = YES;
				CLANG_WARN_ENUM_CONVERSION = YES;
				CLANG_WARN_INT_CONVERSION = YES;
				CLANG_WARN_OBJC_ROOT_CLASS = YES_ERROR;
				CLANG_WARN_UNREACHABLE_CODE = YES;
				CLANG_WARN__DUPLICATE_METHOD_MATCH = YES;
				"CODE_SIGN_IDENTITY[sdk=iphoneos*]" = "iPhone Developer";
				COPY_PHASE_STRIP = NO;
				ENABLE_STRICT_OBJC_MSGSEND = YES;
				GCC_C_LANGUAGE_STANDARD = gnu99;
				GCC_DYNAMIC_NO_PIC = NO;
				GCC_OPTIMIZATION_LEVEL = 0;
				GCC_PREPROCESSOR_DEFINITIONS = (
					"DEBUG=1",
					"$(inherited)",
				);
				GCC_SYMBOLS_PRIVATE_EXTERN = NO;
				GCC_WARN_64_TO_32_BIT_CONVERSION = YES;
				GCC_WARN_ABOUT_RETURN_TYPE = YES_ERROR;
				GCC_WARN_UNDECLARED_SELECTOR = YES;
				GCC_WARN_UNINITIALIZED_AUTOS = YES_AGGRESSIVE;
				GCC_WARN_UNUSED_FUNCTION = YES;
				GCC_WARN_UNUSED_VARIABLE = YES;
				IPHONEOS_DEPLOYMENT_TARGET = 8.2;
				MTL_ENABLE_DEBUG_INFO = YES;
				ONLY_ACTIVE_ARCH = YES;
				SDKROOT = iphoneos;
				SWIFT_OPTIMIZATION_LEVEL = "-Onone";
				TARGETED_DEVICE_FAMILY = "1,2";
			};
			name = Debug;
		};
		04223E721AA6E627006B13C0 /* Release */ = {
			isa = XCBuildConfiguration;
			buildSettings = {
				ALWAYS_SEARCH_USER_PATHS = NO;
				CLANG_CXX_LANGUAGE_STANDARD = "gnu++0x";
				CLANG_CXX_LIBRARY = "libc++";
				CLANG_ENABLE_MODULES = YES;
				CLANG_ENABLE_OBJC_ARC = YES;
				CLANG_WARN_BOOL_CONVERSION = YES;
				CLANG_WARN_CONSTANT_CONVERSION = YES;
				CLANG_WARN_DIRECT_OBJC_ISA_USAGE = YES_ERROR;
				CLANG_WARN_EMPTY_BODY = YES;
				CLANG_WARN_ENUM_CONVERSION = YES;
				CLANG_WARN_INT_CONVERSION = YES;
				CLANG_WARN_OBJC_ROOT_CLASS = YES_ERROR;
				CLANG_WARN_UNREACHABLE_CODE = YES;
				CLANG_WARN__DUPLICATE_METHOD_MATCH = YES;
				"CODE_SIGN_IDENTITY[sdk=iphoneos*]" = "iPhone Developer";
				COPY_PHASE_STRIP = YES;
				ENABLE_NS_ASSERTIONS = NO;
				ENABLE_STRICT_OBJC_MSGSEND = YES;
				GCC_C_LANGUAGE_STANDARD = gnu99;
				GCC_WARN_64_TO_32_BIT_CONVERSION = YES;
				GCC_WARN_ABOUT_RETURN_TYPE = YES_ERROR;
				GCC_WARN_UNDECLARED_SELECTOR = YES;
				GCC_WARN_UNINITIALIZED_AUTOS = YES_AGGRESSIVE;
				GCC_WARN_UNUSED_FUNCTION = YES;
				GCC_WARN_UNUSED_VARIABLE = YES;
				IPHONEOS_DEPLOYMENT_TARGET = 8.2;
				MTL_ENABLE_DEBUG_INFO = NO;
				SDKROOT = iphoneos;
				TARGETED_DEVICE_FAMILY = "1,2";
				VALIDATE_PRODUCT = YES;
			};
			name = Release;
		};
		04223E741AA6E627006B13C0 /* Debug */ = {
			isa = XCBuildConfiguration;
			buildSettings = {
				ASSETCATALOG_COMPILER_APPICON_NAME = AppIcon;
				INFOPLIST_FILE = "Set-TextField-Height/Info.plist";
				LD_RUNPATH_SEARCH_PATHS = "$(inherited) @executable_path/Frameworks";
				PRODUCT_NAME = "$(TARGET_NAME)";
			};
			name = Debug;
		};
		04223E751AA6E627006B13C0 /* Release */ = {
			isa = XCBuildConfiguration;
			buildSettings = {
				ASSETCATALOG_COMPILER_APPICON_NAME = AppIcon;
				INFOPLIST_FILE = "Set-TextField-Height/Info.plist";
				LD_RUNPATH_SEARCH_PATHS = "$(inherited) @executable_path/Frameworks";
				PRODUCT_NAME = "$(TARGET_NAME)";
			};
			name = Release;
		};
		04223E771AA6E627006B13C0 /* Debug */ = {
			isa = XCBuildConfiguration;
			buildSettings = {
				BUNDLE_LOADER = "$(TEST_HOST)";
				FRAMEWORK_SEARCH_PATHS = (
					"$(SDKROOT)/Developer/Library/Frameworks",
					"$(inherited)",
				);
				GCC_PREPROCESSOR_DEFINITIONS = (
					"DEBUG=1",
					"$(inherited)",
				);
				INFOPLIST_FILE = "Set-TextField-HeightTests/Info.plist";
				LD_RUNPATH_SEARCH_PATHS = "$(inherited) @executable_path/Frameworks @loader_path/Frameworks";
				PRODUCT_NAME = "$(TARGET_NAME)";
				TEST_HOST = "$(BUILT_PRODUCTS_DIR)/Set-TextField-Height.app/Set-TextField-Height";
			};
			name = Debug;
		};
		04223E781AA6E627006B13C0 /* Release */ = {
			isa = XCBuildConfiguration;
			buildSettings = {
				BUNDLE_LOADER = "$(TEST_HOST)";
				FRAMEWORK_SEARCH_PATHS = (
					"$(SDKROOT)/Developer/Library/Frameworks",
					"$(inherited)",
				);
				INFOPLIST_FILE = "Set-TextField-HeightTests/Info.plist";
				LD_RUNPATH_SEARCH_PATHS = "$(inherited) @executable_path/Frameworks @loader_path/Frameworks";
				PRODUCT_NAME = "$(TARGET_NAME)";
				TEST_HOST = "$(BUILT_PRODUCTS_DIR)/Set-TextField-Height.app/Set-TextField-Height";
			};
			name = Release;
		};
/* End XCBuildConfiguration section */

/* Begin XCConfigurationList section */
		04223E4F1AA6E627006B13C0 /* Build configuration list for PBXProject "Set-TextField-Height" */ = {
			isa = XCConfigurationList;
			buildConfigurations = (
				04223E711AA6E627006B13C0 /* Debug */,
				04223E721AA6E627006B13C0 /* Release */,
			);
			defaultConfigurationIsVisible = 0;
			defaultConfigurationName = Release;
		};
		04223E731AA6E627006B13C0 /* Build configuration list for PBXNativeTarget "Set-TextField-Height" */ = {
			isa = XCConfigurationList;
			buildConfigurations = (
				04223E741AA6E627006B13C0 /* Debug */,
				04223E751AA6E627006B13C0 /* Release */,
			);
			defaultConfigurationIsVisible = 0;
		};
		04223E761AA6E627006B13C0 /* Build configuration list for PBXNativeTarget "Set-TextField-HeightTests" */ = {
			isa = XCConfigurationList;
			buildConfigurations = (
				04223E771AA6E627006B13C0 /* Debug */,
				04223E781AA6E627006B13C0 /* Release */,
			);
			defaultConfigurationIsVisible = 0;
		};
/* End XCConfigurationList section */
	};
	rootObject = 04223E4C1AA6E627006B13C0 /* Project object */;
}
